{
  "pins" : [
    {
      "identity" : "bolts-objc",
      "kind" : "remoteSourceControl",
      "location" : "https://github.com/parse-community/Bolts-ObjC.git",
      "state" : {
        "revision" : "1eee96ad3bcfc8964c0a5815ce94f491eb6ac8c2",
        "version" : "1.10.0"
      }
    },
    {
      "identity" : "bolts-swift",
      "kind" : "remoteSourceControl",
      "location" : "https://github.com/BoltsFramework/Bolts-Swift.git",
      "state" : {
        "revision" : "d8c07eee2045a13f34330c0a4664053b5176e3f0",
        "version" : "1.5.0"
      }
    },
    {
      "identity" : "facebook-ios-sdk",
      "kind" : "remoteSourceControl",
      "location" : "https://github.com/facebook/facebook-ios-sdk.git",
      "state" : {
        "revision" : "7fd8a930a5b2c940a22efafe0e214ed0df671312",
        "version" : "15.1.0"
      }
    },
    {
      "identity" : "parse-sdk-ios-osx",
      "kind" : "remoteSourceControl",
      "location" : "https://github.com/parse-community/Parse-SDK-iOS-OSX",
      "state" : {
        "revision" : "4c130ee61302f22f46436cc477960fa48d957bd9",
        "version" : "2.7.0"
      }
    },
    {
      "identity" : "sdwebimage",
      "kind" : "remoteSourceControl",
      "location" : "https://github.com/SDWebImage/SDWebImage.git",
      "state" : {
        "revision" : "633996a807442ec28df9d33b0f88ce57a0e2fdbf",
        "version" : "5.17.0"
      }
    },
    {
      "identity" : "sdwebimagesvgcoder",
      "kind" : "remoteSourceControl",
      "location" : "https://github.com/SDWebImage/SDWebImageSVGCoder.git",
      "state" : {
        "revision" : "950167445ab703740569869c8b7510efc9d09a26",
        "version" : "1.7.0"
      }
    },
    {
      "identity" : "sdwebimageswiftui",
      "kind" : "remoteSourceControl",
      "location" : "https://github.com/SDWebImage/SDWebImageSwiftUI.git",
      "state" : {
        "revision" : "e837c37d45449fbd3b4745c10c5b5274e73edead",
        "version" : "2.2.3"
      }
    },
    {
      "identity" : "starscream",
      "kind" : "remoteSourceControl",
      "location" : "https://github.com/daltoniam/Starscream.git",
      "state" : {
        "revision" : "df8d82047f6654d8e4b655d1b1525c64e1059d21",
        "version" : "4.0.4"
      }
    },
    {
      "identity" : "swiftdate",
      "kind" : "remoteSourceControl",
      "location" : "https://github.com/malcommac/SwiftDate.git",
      "state" : {
        "revision" : "5d943224c3bb173e6ecf27295611615eba90c80e",
        "version" : "7.0.0"
      }
    }
  ],
  "version" : 2
}
